# Generated by .github/workflows/release-images.yml for v0.1.1 (run 38017998409).
# Copy over platform/deploy/images.lock in the release pull request (ADR-M66 §2.5).
SDLC_IMAGES_VERSION=0.1.1
SDLC_IMAGE_API=ghcr.io/hoanghainh1188/agentic-sdlc-framework/sdlc-api@sha256:63f8d6dc4085fc38b60656de31847fe5da254c856abc24a033b8a5e448ddfd5a
SDLC_IMAGE_WORKER=ghcr.io/hoanghainh1188/agentic-sdlc-framework/sdlc-worker@sha256:467097ddf227975ea34cc7b86338b8cf4f5e96a8a7ca055931796e26a3a8398a
SDLC_IMAGE_RUNNER=ghcr.io/hoanghainh1188/agentic-sdlc-framework/sdlc-runner@sha256:068c8053a29dde447479f7c0a95f0757e2aeb169b8961cb3084414b5b73c9fab
SDLC_IMAGE_OTEL_COLLECTOR=ghcr.io/hoanghainh1188/agentic-sdlc-framework/sdlc-otel-collector@sha256:d84b2258d4b3fe39142723f95dbdbf78bf01a66d43a55ecff1a77f715309ab50
SDLC_IMAGE_SANDBOX_NODE24=ghcr.io/hoanghainh1188/agentic-sdlc-framework/sandbox-node24@sha256:7a5b3122ed664157918715da9a3c77c54102ffe5b26368866cd183eaf707e9f4
